
Microsoft Visual Studio Solution File, Format Version 12.00
# Visual Studio 15
VisualStudioVersion = 15.0.28307.852
MinimumVisualStudioVersion = 10.0.40219.1
Project("{9A19103F-16F7-4668-BE54-9A1E7A4F7556}") = "ParkingLotApi", "ParkingLot\ParkingLotApi.csproj", "{B8AF44E7-DFEF-449A-89B5-8711CFF039AD}"
EndProject
Project("{9A19103F-16F7-4668-BE54-9A1E7A4F7556}") = "ParkingLot.Domain", "ParkingLot.Domain\ParkingLot.Domain.csproj", "{636F0400-2876-4DA5-8F69-3EF80E33117E}"
EndProject
Project("{9A19103F-16F7-4668-BE54-9A1E7A4F7556}") = "ParkingLot.Infra", "ParkingLot.Infra\ParkingLot.Infra.csproj", "{227C96E9-38BF-453B-B57D-F444B2789748}"
EndProject
Project("{9A19103F-16F7-4668-BE54-9A1E7A4F7556}") = "Authorization", "Authorization\Authorization.csproj", "{4C6C7095-0947-42F1-A903-F19C13F0FF18}"
EndProject
Project("{9A19103F-16F7-4668-BE54-9A1E7A4F7556}") = "ParkingLot.Domain.Tests", "ParkingLot.Domain.Tests\ParkingLot.Domain.Tests.csproj", "{75DD975A-1F51-474E-902E-27703B572F6B}"
EndProject
Global
	GlobalSection(SolutionConfigurationPlatforms) = preSolution
		Debug|Any CPU = Debug|Any CPU
		Release|Any CPU = Release|Any CPU
	EndGlobalSection
	GlobalSection(ProjectConfigurationPlatforms) = postSolution
		{B8AF44E7-DFEF-449A-89B5-8711CFF039AD}.Debug|Any CPU.ActiveCfg = Debug|Any CPU
		{B8AF44E7-DFEF-449A-89B5-8711CFF039AD}.Debug|Any CPU.Build.0 = Debug|Any CPU
		{B8AF44E7-DFEF-449A-89B5-8711CFF039AD}.Release|Any CPU.ActiveCfg = Release|Any CPU
		{B8AF44E7-DFEF-449A-89B5-8711CFF039AD}.Release|Any CPU.Build.0 = Release|Any CPU
		{636F0400-2876-4DA5-8F69-3EF80E33117E}.Debug|Any CPU.ActiveCfg = Debug|Any CPU
		{636F0400-2876-4DA5-8F69-3EF80E33117E}.Debug|Any CPU.Build.0 = Debug|Any CPU
		{636F0400-2876-4DA5-8F69-3EF80E33117E}.Release|Any CPU.ActiveCfg = Release|Any CPU
		{636F0400-2876-4DA5-8F69-3EF80E33117E}.Release|Any CPU.Build.0 = Release|Any CPU
		{227C96E9-38BF-453B-B57D-F444B2789748}.Debug|Any CPU.ActiveCfg = Debug|Any CPU
		{227C96E9-38BF-453B-B57D-F444B2789748}.Debug|Any CPU.Build.0 = Debug|Any CPU
		{227C96E9-38BF-453B-B57D-F444B2789748}.Release|Any CPU.ActiveCfg = Release|Any CPU
		{227C96E9-38BF-453B-B57D-F444B2789748}.Release|Any CPU.Build.0 = Release|Any CPU
		{4C6C7095-0947-42F1-A903-F19C13F0FF18}.Debug|Any CPU.ActiveCfg = Debug|Any CPU
		{4C6C7095-0947-42F1-A903-F19C13F0FF18}.Debug|Any CPU.Build.0 = Debug|Any CPU
		{4C6C7095-0947-42F1-A903-F19C13F0FF18}.Release|Any CPU.ActiveCfg = Release|Any CPU
		{4C6C7095-0947-42F1-A903-F19C13F0FF18}.Release|Any CPU.Build.0 = Release|Any CPU
		{75DD975A-1F51-474E-902E-27703B572F6B}.Debug|Any CPU.ActiveCfg = Debug|Any CPU
		{75DD975A-1F51-474E-902E-27703B572F6B}.Debug|Any CPU.Build.0 = Debug|Any CPU
		{75DD975A-1F51-474E-902E-27703B572F6B}.Release|Any CPU.ActiveCfg = Release|Any CPU
		{75DD975A-1F51-474E-902E-27703B572F6B}.Release|Any CPU.Build.0 = Release|Any CPU
	EndGlobalSection
	GlobalSection(SolutionProperties) = preSolution
		HideSolutionNode = FALSE
	EndGlobalSection
	GlobalSection(ExtensibilityGlobals) = postSolution
		SolutionGuid = {CDA5FC64-F7D4-4DBD-B9F5-C8A1FDBAFD07}
	EndGlobalSection
EndGlobal
